
Microsoft Visual Studio Solution File, Format Version 12.00
# Visual Studio 15
VisualStudioVersion = 15.0.26228.29
MinimumVisualStudioVersion = 10.0.40219.1
Project("{2150E333-8FDC-42A3-9474-1A3956D46DE8}") = "Service", "Service", "{12EA4FE4-81B4-49D6-89CF-DAB3472BEB82}"
EndProject
Project("{FAE04EC0-301F-11D3-BF4B-00C04F79EFBC}") = "InsuranceAgentBot", "Insurance\Service\InsuranceAgentBot.csproj", "{A1128B01-9DE0-4F35-95FD-EEAB97C2D624}"
EndProject
Project("{FAE04EC0-301F-11D3-BF4B-00C04F79EFBC}") = "InsuranceWebApp", "Insurance\App\InsuranceWebApp\InsuranceWebApp.csproj", "{70C58FF8-7722-4D67-A662-873E5FBF404C}"
EndProject
Global
	GlobalSection(SolutionConfigurationPlatforms) = preSolution
		Debug|Any CPU = Debug|Any CPU
		Release|Any CPU = Release|Any CPU
	EndGlobalSection
	GlobalSection(ProjectConfigurationPlatforms) = postSolution
		{A1128B01-9DE0-4F35-95FD-EEAB97C2D624}.Debug|Any CPU.ActiveCfg = Debug|Any CPU
		{A1128B01-9DE0-4F35-95FD-EEAB97C2D624}.Debug|Any CPU.Build.0 = Debug|Any CPU
		{A1128B01-9DE0-4F35-95FD-EEAB97C2D624}.Release|Any CPU.ActiveCfg = Release|Any CPU
		{A1128B01-9DE0-4F35-95FD-EEAB97C2D624}.Release|Any CPU.Build.0 = Release|Any CPU
		{70C58FF8-7722-4D67-A662-873E5FBF404C}.Debug|Any CPU.ActiveCfg = Debug|Any CPU
		{70C58FF8-7722-4D67-A662-873E5FBF404C}.Debug|Any CPU.Build.0 = Debug|Any CPU
		{70C58FF8-7722-4D67-A662-873E5FBF404C}.Release|Any CPU.ActiveCfg = Release|Any CPU
		{70C58FF8-7722-4D67-A662-873E5FBF404C}.Release|Any CPU.Build.0 = Release|Any CPU
	EndGlobalSection
	GlobalSection(SolutionProperties) = preSolution
		HideSolutionNode = FALSE
	EndGlobalSection
	GlobalSection(NestedProjects) = preSolution
		{A1128B01-9DE0-4F35-95FD-EEAB97C2D624} = {12EA4FE4-81B4-49D6-89CF-DAB3472BEB82}
	EndGlobalSection
EndGlobal
